{
  "nodes": {
    "Ada-Bundle": {
      "flake": false,
      "locked": {
        "lastModified": 1289067524,
        "narHash": "sha256-pm0Aw5wQbrTzRCf6ifNX4bKGcu29T70ZspnaUCfIAZY=",
        "owner": "vim-scripts",
        "repo": "Ada-Bundle",
        "rev": "202dc5e304710ac8242f37292d061d01103b2178",
        "type": "github"
      },
      "original": {
        "owner": "vim-scripts",
        "repo": "Ada-Bundle",
        "type": "github"
      }
    },
    "asyncomplete-lsp.vim": {
      "flake": false,
      "locked": {
        "lastModified": 1593280989,
        "narHash": "sha256-OAdh8PbcaHWu8uINGbST9Dq330Z9QHojBezoGU0DHW8=",
        "owner": "prabirshrestha",
        "repo": "asyncomplete-lsp.vim",
        "rev": "684c34453db9dcbed5dbf4769aaa6521530a23e0",
        "type": "github"
      },
      "original": {
        "owner": "prabirshrestha",
        "repo": "asyncomplete-lsp.vim",
        "type": "github"
      }
    },
    "asyncomplete.vim": {
      "flake": false,
      "locked": {
        "lastModified": 1620115323,
        "narHash": "sha256-gIpO/7DVLcPCeR4342ge4Zl6HJ81DoX4MwZSrt3y7f8=",
        "owner": "prabirshrestha",
        "repo": "asyncomplete.vim",
        "rev": "6c653c3f8f1c1cf7a34522c9555d5160f36d29ee",
        "type": "github"
      },
      "original": {
        "owner": "prabirshrestha",
        "repo": "asyncomplete.vim",
        "type": "github"
      }
    },
    "customPkgs": {
      "inputs": {
        "Ada-Bundle": "Ada-Bundle",
        "asyncomplete-lsp.vim": "asyncomplete-lsp.vim",
        "asyncomplete.vim": "asyncomplete.vim",
        "emmet-vim": "emmet-vim",
        "gina.vim": "gina.vim",
        "gruvbox": "gruvbox",
        "hardmode": "hardmode",
        "literate.vim": "literate.vim",
        "nixpkgs": [
          "stable"
        ],
        "vim-baker": "vim-baker",
        "vim-editorconfig": "vim-editorconfig",
        "vim-erlang-omnicomplete": "vim-erlang-omnicomplete",
        "vim-erlang-runtime": "vim-erlang-runtime",
        "vim-fugitive": "vim-fugitive",
        "vim-fzy": "vim-fzy",
        "vim-lsp": "vim-lsp",
        "vim-nix": "vim-nix",
        "vim-picker": "vim-picker",
        "vim-rescript": "vim-rescript",
        "vim-surround": "vim-surround",
        "vimwiki": "vimwiki"
      },
      "locked": {
        "narHash": "sha256-qWMUlH/Xi2+98bHtR/xswpP/Op6LzTE+i2gDT86rAV4=",
        "path": "./packages/plugins/vim",
        "type": "path"
      },
      "original": {
        "path": "./packages/plugins/vim",
        "type": "path"
      }
    },
    "emmet-vim": {
      "flake": false,
      "locked": {
        "lastModified": 1618663331,
        "narHash": "sha256-VrkOKfxTEwH4l7YS2JktSD7vOqbhnK5RV74cf42r8UI=",
        "owner": "mattn",
        "repo": "emmet-vim",
        "rev": "46e60676f2d6b6f02478e444ae23ee804a3de45e",
        "type": "github"
      },
      "original": {
        "owner": "mattn",
        "repo": "emmet-vim",
        "type": "github"
      }
    },
    "gina.vim": {
      "flake": false,
      "locked": {
        "lastModified": 1623505078,
        "narHash": "sha256-ha1U1CyLvA5VEWorU90ArwsKWN1hrSasCrHkLg2Eerg=",
        "owner": "lambdalisue",
        "repo": "gina.vim",
        "rev": "abdbe0fe33f3b6fc59e94f7cc3072768f8dfd8ac",
        "type": "github"
      },
      "original": {
        "owner": "lambdalisue",
        "repo": "gina.vim",
        "type": "github"
      }
    },
    "gruvbox": {
      "flake": false,
      "locked": {
        "lastModified": 1593780126,
        "narHash": "sha256-H8WkOC9NMPXFznv2+dwOj3syNd2sLqszmoMqST/W5hQ=",
        "owner": "morhetz",
        "repo": "gruvbox",
        "rev": "bf2885a95efdad7bd5e4794dd0213917770d79b7",
        "type": "github"
      },
      "original": {
        "owner": "morhetz",
        "repo": "gruvbox",
        "type": "github"
      }
    },
    "hardmode": {
      "flake": false,
      "locked": {
        "lastModified": 1386338625,
        "narHash": "sha256-WGxd6JgG3U8ITe4BMKRmcbZ40VhBC9pRVPf4JQK1mok=",
        "owner": "wikitopian",
        "repo": "hardmode",
        "rev": "110513dc9eb3ab5408d242a4b4b7674eadc90828",
        "type": "github"
      },
      "original": {
        "owner": "wikitopian",
        "repo": "hardmode",
        "type": "github"
      }
    },
    "home-manager": {
      "inputs": {
        "nixpkgs": [
          "stable"
        ]
      },
      "locked": {
        "lastModified": 1622917919,
        "narHash": "sha256-9gAIwbQyLhK78bEV648k4tfLK6JkYiPk9QdTECpLuOE=",
        "owner": "nix-community",
        "repo": "home-manager",
        "rev": "148d85ee8303444fb0116943787aa0b1b25f94df",
        "type": "github"
      },
      "original": {
        "owner": "nix-community",
        "ref": "release-21.05",
        "repo": "home-manager",
        "type": "github"
      }
    },
    "literate.vim": {
      "flake": false,
      "locked": {
        "lastModified": 1526571808,
        "narHash": "sha256-X5iJyjeLBkKh4tUoDG8VDO6DwYVOI9DpRqpic8NinwA=",
        "owner": "zyedidia",
        "repo": "literate.vim",
        "rev": "4ffd45cb1657b67f4ed0eb639478a69209ec1f94",
        "type": "github"
      },
      "original": {
        "owner": "zyedidia",
        "repo": "literate.vim",
        "type": "github"
      }
    },
    "root": {
      "inputs": {
        "customPkgs": "customPkgs",
        "home-manager": "home-manager",
        "stable": "stable",
        "unstable": "unstable"
      }
    },
    "stable": {
      "locked": {
        "lastModified": 1623617138,
        "narHash": "sha256-zd03k0aZWdE+JjZjVbsQGCKmc1C4HIwIbW7MbI9ym6s=",
        "owner": "NixOS",
        "repo": "nixpkgs",
        "rev": "93963c27b934f24289a94b9e3784d60a9b77e92c",
        "type": "github"
      },
      "original": {
        "owner": "NixOS",
        "ref": "nixos-21.05",
        "repo": "nixpkgs",
        "type": "github"
      }
    },
    "unstable": {
      "locked": {
        "lastModified": 1623580589,
        "narHash": "sha256-Ayp1cjXpwFCkAiWUE46rj9APTltsiEBdIs2+cj+U7+c=",
        "owner": "NixOS",
        "repo": "nixpkgs",
        "rev": "fa0326ce5233f7d592271df52c9d0812bec47b84",
        "type": "github"
      },
      "original": {
        "owner": "NixOS",
        "ref": "nixos-unstable",
        "repo": "nixpkgs",
        "type": "github"
      }
    },
    "vim-baker": {
      "flake": false,
      "locked": {
        "lastModified": 1608826808,
        "narHash": "sha256-JGBQ4wZzkS11QyV8Mtok/k5b+kNdaHo48mwRWyBhhPc=",
        "owner": "GlancingMind",
        "repo": "vim-baker",
        "rev": "dc8fda6fdc13effb50d2ca52841c106a8ba4c1e1",
        "type": "github"
      },
      "original": {
        "owner": "GlancingMind",
        "repo": "vim-baker",
        "type": "github"
      }
    },
    "vim-editorconfig": {
      "flake": false,
      "locked": {
        "lastModified": 1584577051,
        "narHash": "sha256-JNvry4M9tCzfBB4iipC/ARaBRfmELOzOchLGKygL9e8=",
        "owner": "sgur",
        "repo": "vim-editorconfig",
        "rev": "5c3a5b4e7830a6885ec3e70fa5151c59afde2ad5",
        "type": "github"
      },
      "original": {
        "owner": "sgur",
        "repo": "vim-editorconfig",
        "type": "github"
      }
    },
    "vim-erlang-omnicomplete": {
      "flake": false,
      "locked": {
        "lastModified": 1610828871,
        "narHash": "sha256-ybfdWsmbxkpof0U5o0SrCv730emr4dLDtMmCpTkYB34=",
        "owner": "vim-erlang",
        "repo": "vim-erlang-omnicomplete",
        "rev": "924a50ed0ad93141063d0f27c9f62b1bea991baf",
        "type": "github"
      },
      "original": {
        "owner": "vim-erlang",
        "repo": "vim-erlang-omnicomplete",
        "type": "github"
      }
    },
    "vim-erlang-runtime": {
      "flake": false,
      "locked": {
        "lastModified": 1610144708,
        "narHash": "sha256-OiSno26M/7gihqf9tgK3CMcbRbNlYzivS9chLHGbnXY=",
        "owner": "vim-erlang",
        "repo": "vim-erlang-runtime",
        "rev": "47c643f51e4480541fc81e352ec5b2a361544d0b",
        "type": "github"
      },
      "original": {
        "owner": "vim-erlang",
        "repo": "vim-erlang-runtime",
        "type": "github"
      }
    },
    "vim-fugitive": {
      "flake": false,
      "locked": {
        "lastModified": 1623447697,
        "narHash": "sha256-B3PIuTJkJO/w3MeXaweiACxG3tJR8L0xxkjce4t7FMk=",
        "owner": "tpope",
        "repo": "vim-fugitive",
        "rev": "be9ff95f27d12b7bd46ab5d36f7149cb0864c329",
        "type": "github"
      },
      "original": {
        "owner": "tpope",
        "repo": "vim-fugitive",
        "type": "github"
      }
    },
    "vim-fzy": {
      "flake": false,
      "locked": {
        "lastModified": 1606251176,
        "narHash": "sha256-hcjuXMw7cdU4U3v8+rB4Dsn6I5SsR+lqFFuzHhq+jz8=",
        "owner": "bfrg",
        "repo": "vim-fzy",
        "rev": "839a7cbd99ff58476545185abfc85269d287c1a2",
        "type": "github"
      },
      "original": {
        "owner": "bfrg",
        "repo": "vim-fzy",
        "type": "github"
      }
    },
    "vim-lsp": {
      "flake": false,
      "locked": {
        "lastModified": 1623827684,
        "narHash": "sha256-laDDGX+8R1QULIPFSCx7xdK4jifyu3jLN33/ejc7/jc=",
        "owner": "prabirshrestha",
        "repo": "vim-lsp",
        "rev": "fb0a72306e1fc42c1ce8909aa1e420ddfccf6fbf",
        "type": "github"
      },
      "original": {
        "owner": "prabirshrestha",
        "repo": "vim-lsp",
        "type": "github"
      }
    },
    "vim-nix": {
      "flake": false,
      "locked": {
        "lastModified": 1622231877,
        "narHash": "sha256-wQzNXfE7JFalgiCQ2ksPAUyFKacmJV7mNKmKDe9jySI=",
        "owner": "LnL7",
        "repo": "vim-nix",
        "rev": "63b47b39c8d481ebca3092822ca8972e08df769b",
        "type": "github"
      },
      "original": {
        "owner": "LnL7",
        "repo": "vim-nix",
        "type": "github"
      }
    },
    "vim-picker": {
      "flake": false,
      "locked": {
        "lastModified": 1621236997,
        "narHash": "sha256-iGfJKunUlxGEEWrgb1h4UpznXRZp2ITmJSuDmvJ+Qsc=",
        "owner": "srstevenson",
        "repo": "vim-picker",
        "rev": "845d4336480483e09a5d464dc8837395fcb3eb4c",
        "type": "github"
      },
      "original": {
        "owner": "srstevenson",
        "repo": "vim-picker",
        "type": "github"
      }
    },
    "vim-rescript": {
      "flake": false,
      "locked": {
        "lastModified": 1623648612,
        "narHash": "sha256-oFNpp4DDH6c/z822yzVckDfO5Z+2kLstKkYuBcAL7uM=",
        "owner": "rescript-lang",
        "repo": "vim-rescript",
        "rev": "b8714edb8fe5ff2b7e32ced3bdeddd31ed08b02e",
        "type": "github"
      },
      "original": {
        "owner": "rescript-lang",
        "repo": "vim-rescript",
        "type": "github"
      }
    },
    "vim-surround": {
      "flake": false,
      "locked": {
        "lastModified": 1574922560,
        "narHash": "sha256-eQInOqX8P3e1Mv9Tw3tjxo5RB9SuT308QD62XobFGSs=",
        "owner": "tpope",
        "repo": "vim-surround",
        "rev": "f51a26d3710629d031806305b6c8727189cd1935",
        "type": "github"
      },
      "original": {
        "owner": "tpope",
        "repo": "vim-surround",
        "type": "github"
      }
    },
    "vimwiki": {
      "flake": false,
      "locked": {
        "lastModified": 1590529171,
        "narHash": "sha256-XAa+jYIBWFiG6Q8rxtZQw7HYzc97SGn0aXwNKjdhsQ0=",
        "owner": "vimwiki",
        "repo": "vimwiki",
        "rev": "619f04f89861c58e5a6415a4f83847752928252d",
        "type": "github"
      },
      "original": {
        "owner": "vimwiki",
        "repo": "vimwiki",
        "type": "github"
      }
    }
  },
  "root": "root",
  "version": 7
}
